
Microsoft Visual Studio Solution File, Format Version 12.00
# Visual Studio Version 16
VisualStudioVersion = 16.0.29806.167
MinimumVisualStudioVersion = 10.0.40219.1
Project("{FAE04EC0-301F-11D3-BF4B-00C04F79EFBC}") = "ScopeOnMicrocontroller", "ScopeOnMicrocontroller\ScopeOnMicrocontroller.csproj", "{95A2DF86-CCE9-4733-B6DF-6F609A7BC474}"
EndProject
Project("{54435603-DBB4-11D2-8724-00A0C9A8B90C}") = "Setup", "Setup\Setup.vdproj", "{2ADF81B0-5874-43CA-A8DB-CA8F773B4A06}"
EndProject
Global
	GlobalSection(SolutionConfigurationPlatforms) = preSolution
		Debug|Any CPU = Debug|Any CPU
		Release|Any CPU = Release|Any CPU
	EndGlobalSection
	GlobalSection(ProjectConfigurationPlatforms) = postSolution
		{95A2DF86-CCE9-4733-B6DF-6F609A7BC474}.Debug|Any CPU.ActiveCfg = Debug|Any CPU
		{95A2DF86-CCE9-4733-B6DF-6F609A7BC474}.Debug|Any CPU.Build.0 = Debug|Any CPU
		{95A2DF86-CCE9-4733-B6DF-6F609A7BC474}.Release|Any CPU.ActiveCfg = Release|Any CPU
		{95A2DF86-CCE9-4733-B6DF-6F609A7BC474}.Release|Any CPU.Build.0 = Release|Any CPU
		{2ADF81B0-5874-43CA-A8DB-CA8F773B4A06}.Debug|Any CPU.ActiveCfg = Debug
		{2ADF81B0-5874-43CA-A8DB-CA8F773B4A06}.Release|Any CPU.ActiveCfg = Release
	EndGlobalSection
	GlobalSection(SolutionProperties) = preSolution
		HideSolutionNode = FALSE
	EndGlobalSection
	GlobalSection(ExtensibilityGlobals) = postSolution
		SolutionGuid = {99846774-898C-4DDF-A11E-338226654970}
	EndGlobalSection
EndGlobal
